
Microsoft Visual Studio Solution File, Format Version 12.00
# Visual Studio 2013
VisualStudioVersion = 12.0.30723.0
MinimumVisualStudioVersion = 10.0.40219.1
Project("{2150E333-8FDC-42A3-9474-1A3956D46DE8}") = "Data", "Data", "{9B7BD6E0-CDED-4F8E-973E-3C962A3BD536}"
EndProject
Project("{2150E333-8FDC-42A3-9474-1A3956D46DE8}") = "Web", "Web", "{F9AE75CB-BB47-45B0-977B-997BDFDC774F}"
EndProject
Project("{FAE04EC0-301F-11D3-BF4B-00C04F79EFBC}") = "RoofSharing.Web", "Web\RoofSharing.Web\RoofSharing.Web.csproj", "{18A1B7B2-2516-403A-BFF3-411CA28B7F99}"
EndProject
Project("{FAE04EC0-301F-11D3-BF4B-00C04F79EFBC}") = "RoofSharing.Data", "Data\RoofSharing.Data\RoofSharing.Data.csproj", "{ACBB8951-15CF-418E-A9D6-49A1912284D6}"
EndProject
Project("{FAE04EC0-301F-11D3-BF4B-00C04F79EFBC}") = "RoofSharing.Data.Models", "Data\RoofSharing.Data.Models\RoofSharing.Data.Models.csproj", "{61919956-5E68-48E5-AD91-CB64EB7BCCD2}"
EndProject
Project("{FAE04EC0-301F-11D3-BF4B-00C04F79EFBC}") = "RoofSharing.Web.Infrastructure", "RoofSharing.Web.Infrastructure\RoofSharing.Web.Infrastructure.csproj", "{0ACD2D88-0ADA-4499-AA2B-260E013E055F}"
EndProject
Project("{FAE04EC0-301F-11D3-BF4B-00C04F79EFBC}") = "RoofSharing.Common", "RoofSharing.Common\RoofSharing.Common.csproj", "{BE6BDC44-D3F3-4A0A-9B56-D2C60BC52CC4}"
EndProject
Global
	GlobalSection(SolutionConfigurationPlatforms) = preSolution
		Debug|Any CPU = Debug|Any CPU
		Release|Any CPU = Release|Any CPU
	EndGlobalSection
	GlobalSection(ProjectConfigurationPlatforms) = postSolution
		{18A1B7B2-2516-403A-BFF3-411CA28B7F99}.Debug|Any CPU.ActiveCfg = Debug|Any CPU
		{18A1B7B2-2516-403A-BFF3-411CA28B7F99}.Debug|Any CPU.Build.0 = Debug|Any CPU
		{18A1B7B2-2516-403A-BFF3-411CA28B7F99}.Release|Any CPU.ActiveCfg = Release|Any CPU
		{18A1B7B2-2516-403A-BFF3-411CA28B7F99}.Release|Any CPU.Build.0 = Release|Any CPU
		{ACBB8951-15CF-418E-A9D6-49A1912284D6}.Debug|Any CPU.ActiveCfg = Debug|Any CPU
		{ACBB8951-15CF-418E-A9D6-49A1912284D6}.Debug|Any CPU.Build.0 = Debug|Any CPU
		{ACBB8951-15CF-418E-A9D6-49A1912284D6}.Release|Any CPU.ActiveCfg = Release|Any CPU
		{ACBB8951-15CF-418E-A9D6-49A1912284D6}.Release|Any CPU.Build.0 = Release|Any CPU
		{61919956-5E68-48E5-AD91-CB64EB7BCCD2}.Debug|Any CPU.ActiveCfg = Debug|Any CPU
		{61919956-5E68-48E5-AD91-CB64EB7BCCD2}.Debug|Any CPU.Build.0 = Debug|Any CPU
		{61919956-5E68-48E5-AD91-CB64EB7BCCD2}.Release|Any CPU.ActiveCfg = Release|Any CPU
		{61919956-5E68-48E5-AD91-CB64EB7BCCD2}.Release|Any CPU.Build.0 = Release|Any CPU
		{0ACD2D88-0ADA-4499-AA2B-260E013E055F}.Debug|Any CPU.ActiveCfg = Debug|Any CPU
		{0ACD2D88-0ADA-4499-AA2B-260E013E055F}.Debug|Any CPU.Build.0 = Debug|Any CPU
		{0ACD2D88-0ADA-4499-AA2B-260E013E055F}.Release|Any CPU.ActiveCfg = Release|Any CPU
		{0ACD2D88-0ADA-4499-AA2B-260E013E055F}.Release|Any CPU.Build.0 = Release|Any CPU
		{BE6BDC44-D3F3-4A0A-9B56-D2C60BC52CC4}.Debug|Any CPU.ActiveCfg = Debug|Any CPU
		{BE6BDC44-D3F3-4A0A-9B56-D2C60BC52CC4}.Debug|Any CPU.Build.0 = Debug|Any CPU
		{BE6BDC44-D3F3-4A0A-9B56-D2C60BC52CC4}.Release|Any CPU.ActiveCfg = Release|Any CPU
		{BE6BDC44-D3F3-4A0A-9B56-D2C60BC52CC4}.Release|Any CPU.Build.0 = Release|Any CPU
	EndGlobalSection
	GlobalSection(SolutionProperties) = preSolution
		HideSolutionNode = FALSE
	EndGlobalSection
	GlobalSection(NestedProjects) = preSolution
		{18A1B7B2-2516-403A-BFF3-411CA28B7F99} = {F9AE75CB-BB47-45B0-977B-997BDFDC774F}
		{ACBB8951-15CF-418E-A9D6-49A1912284D6} = {9B7BD6E0-CDED-4F8E-973E-3C962A3BD536}
		{61919956-5E68-48E5-AD91-CB64EB7BCCD2} = {9B7BD6E0-CDED-4F8E-973E-3C962A3BD536}
		{0ACD2D88-0ADA-4499-AA2B-260E013E055F} = {F9AE75CB-BB47-45B0-977B-997BDFDC774F}
	EndGlobalSection
EndGlobal
